
Microsoft Visual Studio Solution File, Format Version 12.00
# Visual Studio Version 16
VisualStudioVersion = 16.0.30309.148
MinimumVisualStudioVersion = 10.0.40219.1
Project("{FAE04EC0-301F-11D3-BF4B-00C04F79EFBC}") = "WindowsFormsApp1", "WindowsFormsApp1.csproj", "{12AE4981-A5CB-46D5-8514-F72CA6F99E67}"
EndProject
Global
	GlobalSection(SolutionConfigurationPlatforms) = preSolution
		Debug|Any CPU = Debug|Any CPU
		Release|Any CPU = Release|Any CPU
	EndGlobalSection
	GlobalSection(ProjectConfigurationPlatforms) = postSolution
		{12AE4981-A5CB-46D5-8514-F72CA6F99E67}.Debug|Any CPU.ActiveCfg = Debug|Any CPU
		{12AE4981-A5CB-46D5-8514-F72CA6F99E67}.Debug|Any CPU.Build.0 = Debug|Any CPU
		{12AE4981-A5CB-46D5-8514-F72CA6F99E67}.Release|Any CPU.ActiveCfg = Release|Any CPU
		{12AE4981-A5CB-46D5-8514-F72CA6F99E67}.Release|Any CPU.Build.0 = Release|Any CPU
	EndGlobalSection
	GlobalSection(SolutionProperties) = preSolution
		HideSolutionNode = FALSE
	EndGlobalSection
	GlobalSection(ExtensibilityGlobals) = postSolution
		SolutionGuid = {D622AB8A-345A-4A2F-AF53-03C99670C948}
	EndGlobalSection
EndGlobal
